// !$*UTF8*$!
{
	archiveVersion = 1;
	classes = {
	};
	objectVersion = 46;
	objects = {

/* Begin PBXBuildFile section */
		90302A6A9097A5E7F8FBA2CB /* libPods-ContactsSyncSampleApp.a in Frameworks */ = {isa = PBXBuildFile; fileRef = 784B87664ABAF94C87497DD4 /* libPods-ContactsSyncSampleApp.a */; };
		939EE8521A1A25A300D8016F /* Contact.m in Sources */ = {isa = PBXBuildFile; fileRef = 939EE8511A1A25A300D8016F /* Contact.m */; };
		939EE8561A1A270700D8016F /* ContactPhone.m in Sources */ = {isa = PBXBuildFile; fileRef = 939EE8551A1A270700D8016F /* ContactPhone.m */; };
		939EE8591A1A276600D8016F /* ContactEmail.m in Sources */ = {isa = PBXBuildFile; fileRef = 939EE8581A1A276600D8016F /* ContactEmail.m */; };
		93F2395C1A12363D00745E53 /* main.m in Sources */ = {isa = PBXBuildFile; fileRef = 93F2395B1A12363D00745E53 /* main.m */; };
		93F2395F1A12363D00745E53 /* AppDelegate.m in Sources */ = {isa = PBXBuildFile; fileRef = 93F2395E1A12363D00745E53 /* AppDelegate.m */; };
		93F239621A12363D00745E53 /* ContactsSyncSampleApp.xcdatamodeld in Sources */ = {isa = PBXBuildFile; fileRef = 93F239601A12363D00745E53 /* ContactsSyncSampleApp.xcdatamodeld */; };
		93F239651A12363D00745E53 /* MasterViewController.m in Sources */ = {isa = PBXBuildFile; fileRef = 93F239641A12363D00745E53 /* MasterViewController.m */; };
		93F2396B1A12363D00745E53 /* Main.storyboard in Resources */ = {isa = PBXBuildFile; fileRef = 93F239691A12363D00745E53 /* Main.storyboard */; };
		93F2396D1A12363D00745E53 /* Images.xcassets in Resources */ = {isa = PBXBuildFile; fileRef = 93F2396C1A12363D00745E53 /* Images.xcassets */; };
		93F239701A12363D00745E53 /* LaunchScreen.xib in Resources */ = {isa = PBXBuildFile; fileRef = 93F2396E1A12363D00745E53 /* LaunchScreen.xib */; };
		93F2397C1A12363D00745E53 /* ContactsSyncSampleAppTests.m in Sources */ = {isa = PBXBuildFile; fileRef = 93F2397B1A12363D00745E53 /* ContactsSyncSampleAppTests.m */; };
/* End PBXBuildFile section */

/* Begin PBXContainerItemProxy section */
		93F239761A12363D00745E53 /* PBXContainerItemProxy */ = {
			isa = PBXContainerItemProxy;
			containerPortal = 93F2394E1A12363D00745E53 /* Project object */;
			proxyType = 1;
			remoteGlobalIDString = 93F239551A12363D00745E53;
			remoteInfo = ContactsSyncSampleApp;
		};
/* End PBXContainerItemProxy section */

/* Begin PBXFileReference section */
		784B87664ABAF94C87497DD4 /* libPods-ContactsSyncSampleApp.a */ = {isa = PBXFileReference; explicitFileType = archive.ar; includeInIndex = 0; path = "libPods-ContactsSyncSampleApp.a"; sourceTree = BUILT_PRODUCTS_DIR; };
		82B8FEA0703F5A9E79ECC403 /* Pods-ContactsSyncSampleApp.release.xcconfig */ = {isa = PBXFileReference; includeInIndex = 1; lastKnownFileType = text.xcconfig; name = "Pods-ContactsSyncSampleApp.release.xcconfig"; path = "Pods/Target Support Files/Pods-ContactsSyncSampleApp/Pods-ContactsSyncSampleApp.release.xcconfig"; sourceTree = "<group>"; };
		939EE8501A1A25A300D8016F /* Contact.h */ = {isa = PBXFileReference; fileEncoding = 4; lastKnownFileType = sourcecode.c.h; name = Contact.h; path = Model/Contact.h; sourceTree = "<group>"; };
		939EE8511A1A25A300D8016F /* Contact.m */ = {isa = PBXFileReference; fileEncoding = 4; lastKnownFileType = sourcecode.c.objc; name = Contact.m; path = Model/Contact.m; sourceTree = "<group>"; };
		939EE8541A1A270700D8016F /* ContactPhone.h */ = {isa = PBXFileReference; fileEncoding = 4; lastKnownFileType = sourcecode.c.h; name = ContactPhone.h; path = Model/ContactPhone.h; sourceTree = "<group>"; };
		939EE8551A1A270700D8016F /* ContactPhone.m */ = {isa = PBXFileReference; fileEncoding = 4; lastKnownFileType = sourcecode.c.objc; name = ContactPhone.m; path = Model/ContactPhone.m; sourceTree = "<group>"; };
		939EE8571A1A276600D8016F /* ContactEmail.h */ = {isa = PBXFileReference; fileEncoding = 4; lastKnownFileType = sourcecode.c.h; name = ContactEmail.h; path = Model/ContactEmail.h; sourceTree = "<group>"; };
		939EE8581A1A276600D8016F /* ContactEmail.m */ = {isa = PBXFileReference; fileEncoding = 4; lastKnownFileType = sourcecode.c.objc; name = ContactEmail.m; path = Model/ContactEmail.m; sourceTree = "<group>"; };
		93F239561A12363D00745E53 /* ContactsSyncSampleApp.app */ = {isa = PBXFileReference; explicitFileType = wrapper.application; includeInIndex = 0; path = ContactsSyncSampleApp.app; sourceTree = BUILT_PRODUCTS_DIR; };
		93F2395A1A12363D00745E53 /* Info.plist */ = {isa = PBXFileReference; lastKnownFileType = text.plist.xml; path = Info.plist; sourceTree = "<group>"; };
		93F2395B1A12363D00745E53 /* main.m */ = {isa = PBXFileReference; lastKnownFileType = sourcecode.c.objc; path = main.m; sourceTree = "<group>"; };
		93F2395D1A12363D00745E53 /* AppDelegate.h */ = {isa = PBXFileReference; lastKnownFileType = sourcecode.c.h; path = AppDelegate.h; sourceTree = "<group>"; };
		93F2395E1A12363D00745E53 /* AppDelegate.m */ = {isa = PBXFileReference; lastKnownFileType = sourcecode.c.objc; path = AppDelegate.m; sourceTree = "<group>"; };
		93F239611A12363D00745E53 /* ContactsSyncSampleApp.xcdatamodel */ = {isa = PBXFileReference; lastKnownFileType = wrapper.xcdatamodel; path = ContactsSyncSampleApp.xcdatamodel; sourceTree = "<group>"; };
		93F239631A12363D00745E53 /* MasterViewController.h */ = {isa = PBXFileReference; lastKnownFileType = sourcecode.c.h; path = MasterViewController.h; sourceTree = "<group>"; };
		93F239641A12363D00745E53 /* MasterViewController.m */ = {isa = PBXFileReference; lastKnownFileType = sourcecode.c.objc; path = MasterViewController.m; sourceTree = "<group>"; };
		93F2396A1A12363D00745E53 /* Base */ = {isa = PBXFileReference; lastKnownFileType = file.storyboard; name = Base; path = Base.lproj/Main.storyboard; sourceTree = "<group>"; };
		93F2396C1A12363D00745E53 /* Images.xcassets */ = {isa = PBXFileReference; lastKnownFileType = folder.assetcatalog; path = Images.xcassets; sourceTree = "<group>"; };
		93F2396F1A12363D00745E53 /* Base */ = {isa = PBXFileReference; lastKnownFileType = file.xib; name = Base; path = Base.lproj/LaunchScreen.xib; sourceTree = "<group>"; };
		93F239751A12363D00745E53 /* ContactsSyncSampleAppTests.xctest */ = {isa = PBXFileReference; explicitFileType = wrapper.cfbundle; includeInIndex = 0; path = ContactsSyncSampleAppTests.xctest; sourceTree = BUILT_PRODUCTS_DIR; };
		93F2397A1A12363D00745E53 /* Info.plist */ = {isa = PBXFileReference; lastKnownFileType = text.plist.xml; path = Info.plist; sourceTree = "<group>"; };
		93F2397B1A12363D00745E53 /* ContactsSyncSampleAppTests.m */ = {isa = PBXFileReference; lastKnownFileType = sourcecode.c.objc; path = ContactsSyncSampleAppTests.m; sourceTree = "<group>"; };
		AC3D4DA94E5477ABA79D8005 /* Pods-ContactsSyncSampleApp.debug.xcconfig */ = {isa = PBXFileReference; includeInIndex = 1; lastKnownFileType = text.xcconfig; name = "Pods-ContactsSyncSampleApp.debug.xcconfig"; path = "Pods/Target Support Files/Pods-ContactsSyncSampleApp/Pods-ContactsSyncSampleApp.debug.xcconfig"; sourceTree = "<group>"; };
/* End PBXFileReference section */

/* Begin PBXFrameworksBuildPhase section */
		93F239531A12363D00745E53 /* Frameworks */ = {
			isa = PBXFrameworksBuildPhase;
			buildActionMask = 2147483647;
			files = (
				90302A6A9097A5E7F8FBA2CB /* libPods-ContactsSyncSampleApp.a in Frameworks */,
			);
			runOnlyForDeploymentPostprocessing = 0;
		};
		93F239721A12363D00745E53 /* Frameworks */ = {
			isa = PBXFrameworksBuildPhase;
			buildActionMask = 2147483647;
			files = (
			);
			runOnlyForDeploymentPostprocessing = 0;
		};
/* End PBXFrameworksBuildPhase section */

/* Begin PBXGroup section */
		7B551744339920766738FF62 /* Pods */ = {
			isa = PBXGroup;
			children = (
				AC3D4DA94E5477ABA79D8005 /* Pods-ContactsSyncSampleApp.debug.xcconfig */,
				82B8FEA0703F5A9E79ECC403 /* Pods-ContactsSyncSampleApp.release.xcconfig */,
			);
			name = Pods;
			sourceTree = "<group>";
		};
		939EE8531A1A25A800D8016F /* Model */ = {
			isa = PBXGroup;
			children = (
				939EE8501A1A25A300D8016F /* Contact.h */,
				939EE8511A1A25A300D8016F /* Contact.m */,
				939EE8541A1A270700D8016F /* ContactPhone.h */,
				939EE8551A1A270700D8016F /* ContactPhone.m */,
				939EE8571A1A276600D8016F /* ContactEmail.h */,
				939EE8581A1A276600D8016F /* ContactEmail.m */,
			);
			name = Model;
			sourceTree = "<group>";
		};
		93F2394D1A12363D00745E53 = {
			isa = PBXGroup;
			children = (
				93F239581A12363D00745E53 /* ContactsSyncSampleApp */,
				93F239781A12363D00745E53 /* ContactsSyncSampleAppTests */,
				93F239571A12363D00745E53 /* Products */,
				7B551744339920766738FF62 /* Pods */,
				C9B6250C00AEEADE5588AC9F /* Frameworks */,
			);
			sourceTree = "<group>";
		};
		93F239571A12363D00745E53 /* Products */ = {
			isa = PBXGroup;
			children = (
				93F239561A12363D00745E53 /* ContactsSyncSampleApp.app */,
				93F239751A12363D00745E53 /* ContactsSyncSampleAppTests.xctest */,
			);
			name = Products;
			sourceTree = "<group>";
		};
		93F239581A12363D00745E53 /* ContactsSyncSampleApp */ = {
			isa = PBXGroup;
			children = (
				939EE8531A1A25A800D8016F /* Model */,
				93F2395D1A12363D00745E53 /* AppDelegate.h */,
				93F2395E1A12363D00745E53 /* AppDelegate.m */,
				93F239631A12363D00745E53 /* MasterViewController.h */,
				93F239641A12363D00745E53 /* MasterViewController.m */,
				93F239691A12363D00745E53 /* Main.storyboard */,
				93F2396C1A12363D00745E53 /* Images.xcassets */,
				93F2396E1A12363D00745E53 /* LaunchScreen.xib */,
				93F239601A12363D00745E53 /* ContactsSyncSampleApp.xcdatamodeld */,
				93F239591A12363D00745E53 /* Supporting Files */,
			);
			path = ContactsSyncSampleApp;
			sourceTree = "<group>";
		};
		93F239591A12363D00745E53 /* Supporting Files */ = {
			isa = PBXGroup;
			children = (
				93F2395A1A12363D00745E53 /* Info.plist */,
				93F2395B1A12363D00745E53 /* main.m */,
			);
			name = "Supporting Files";
			sourceTree = "<group>";
		};
		93F239781A12363D00745E53 /* ContactsSyncSampleAppTests */ = {
			isa = PBXGroup;
			children = (
				93F2397B1A12363D00745E53 /* ContactsSyncSampleAppTests.m */,
				93F239791A12363D00745E53 /* Supporting Files */,
			);
			path = ContactsSyncSampleAppTests;
			sourceTree = "<group>";
		};
		93F239791A12363D00745E53 /* Supporting Files */ = {
			isa = PBXGroup;
			children = (
				93F2397A1A12363D00745E53 /* Info.plist */,
			);
			name = "Supporting Files";
			sourceTree = "<group>";
		};
		C9B6250C00AEEADE5588AC9F /* Frameworks */ = {
			isa = PBXGroup;
			children = (
				784B87664ABAF94C87497DD4 /* libPods-ContactsSyncSampleApp.a */,
			);
			name = Frameworks;
			sourceTree = "<group>";
		};
/* End PBXGroup section */

/* Begin PBXNativeTarget section */
		93F239551A12363D00745E53 /* ContactsSyncSampleApp */ = {
			isa = PBXNativeTarget;
			buildConfigurationList = 93F2397F1A12363D00745E53 /* Build configuration list for PBXNativeTarget "ContactsSyncSampleApp" */;
			buildPhases = (
				36BB4055165BF4183CE8C208 /* Check Pods Manifest.lock */,
				93F239521A12363D00745E53 /* Sources */,
				93F239531A12363D00745E53 /* Frameworks */,
				93F239541A12363D00745E53 /* Resources */,
				BB8F0F076A1E10CD19C65A03 /* Copy Pods Resources */,
			);
			buildRules = (
			);
			dependencies = (
			);
			name = ContactsSyncSampleApp;
			productName = ContactsSyncSampleApp;
			productReference = 93F239561A12363D00745E53 /* ContactsSyncSampleApp.app */;
			productType = "com.apple.product-type.application";
		};
		93F239741A12363D00745E53 /* ContactsSyncSampleAppTests */ = {
			isa = PBXNativeTarget;
			buildConfigurationList = 93F239821A12363D00745E53 /* Build configuration list for PBXNativeTarget "ContactsSyncSampleAppTests" */;
			buildPhases = (
				93F239711A12363D00745E53 /* Sources */,
				93F239721A12363D00745E53 /* Frameworks */,
				93F239731A12363D00745E53 /* Resources */,
			);
			buildRules = (
			);
			dependencies = (
				93F239771A12363D00745E53 /* PBXTargetDependency */,
			);
			name = ContactsSyncSampleAppTests;
			productName = ContactsSyncSampleAppTests;
			productReference = 93F239751A12363D00745E53 /* ContactsSyncSampleAppTests.xctest */;
			productType = "com.apple.product-type.bundle.unit-test";
		};
/* End PBXNativeTarget section */

/* Begin PBXProject section */
		93F2394E1A12363D00745E53 /* Project object */ = {
			isa = PBXProject;
			attributes = {
				LastUpgradeCheck = 0610;
				ORGANIZATIONNAME = "QBXNet Ltd.";
				TargetAttributes = {
					93F239551A12363D00745E53 = {
						CreatedOnToolsVersion = 6.1;
						DevelopmentTeam = HCH56ETPTM;
					};
					93F239741A12363D00745E53 = {
						CreatedOnToolsVersion = 6.1;
						TestTargetID = 93F239551A12363D00745E53;
					};
				};
			};
			buildConfigurationList = 93F239511A12363D00745E53 /* Build configuration list for PBXProject "ContactsSyncSampleApp" */;
			compatibilityVersion = "Xcode 3.2";
			developmentRegion = English;
			hasScannedForEncodings = 0;
			knownRegions = (
				en,
				Base,
			);
			mainGroup = 93F2394D1A12363D00745E53;
			productRefGroup = 93F239571A12363D00745E53 /* Products */;
			projectDirPath = "";
			projectRoot = "";
			targets = (
				93F239551A12363D00745E53 /* ContactsSyncSampleApp */,
				93F239741A12363D00745E53 /* ContactsSyncSampleAppTests */,
			);
		};
/* End PBXProject section */

/* Begin PBXResourcesBuildPhase section */
		93F239541A12363D00745E53 /* Resources */ = {
			isa = PBXResourcesBuildPhase;
			buildActionMask = 2147483647;
			files = (
				93F2396B1A12363D00745E53 /* Main.storyboard in Resources */,
				93F239701A12363D00745E53 /* LaunchScreen.xib in Resources */,
				93F2396D1A12363D00745E53 /* Images.xcassets in Resources */,
			);
			runOnlyForDeploymentPostprocessing = 0;
		};
		93F239731A12363D00745E53 /* Resources */ = {
			isa = PBXResourcesBuildPhase;
			buildActionMask = 2147483647;
			files = (
			);
			runOnlyForDeploymentPostprocessing = 0;
		};
/* End PBXResourcesBuildPhase section */

/* Begin PBXShellScriptBuildPhase section */
		36BB4055165BF4183CE8C208 /* Check Pods Manifest.lock */ = {
			isa = PBXShellScriptBuildPhase;
			buildActionMask = 2147483647;
			files = (
			);
			inputPaths = (
			);
			name = "Check Pods Manifest.lock";
			outputPaths = (
			);
			runOnlyForDeploymentPostprocessing = 0;
			shellPath = /bin/sh;
			shellScript = "diff \"${PODS_ROOT}/../Podfile.lock\" \"${PODS_ROOT}/Manifest.lock\" > /dev/null\nif [[ $? != 0 ]] ; then\n    cat << EOM\nerror: The sandbox is not in sync with the Podfile.lock. Run 'pod install' or update your CocoaPods installation.\nEOM\n    exit 1\nfi\n";
			showEnvVarsInLog = 0;
		};
		BB8F0F076A1E10CD19C65A03 /* Copy Pods Resources */ = {
			isa = PBXShellScriptBuildPhase;
			buildActionMask = 2147483647;
			files = (
			);
			inputPaths = (
			);
			name = "Copy Pods Resources";
			outputPaths = (
			);
			runOnlyForDeploymentPostprocessing = 0;
			shellPath = /bin/sh;
			shellScript = "\"${SRCROOT}/Pods/Target Support Files/Pods-ContactsSyncSampleApp/Pods-ContactsSyncSampleApp-resources.sh\"\n";
			showEnvVarsInLog = 0;
		};
/* End PBXShellScriptBuildPhase section */

/* Begin PBXSourcesBuildPhase section */
		93F239521A12363D00745E53 /* Sources */ = {
			isa = PBXSourcesBuildPhase;
			buildActionMask = 2147483647;
			files = (
				93F239651A12363D00745E53 /* MasterViewController.m in Sources */,
				939EE8561A1A270700D8016F /* ContactPhone.m in Sources */,
				93F239621A12363D00745E53 /* ContactsSyncSampleApp.xcdatamodeld in Sources */,
				939EE8521A1A25A300D8016F /* Contact.m in Sources */,
				939EE8591A1A276600D8016F /* ContactEmail.m in Sources */,
				93F2395F1A12363D00745E53 /* AppDelegate.m in Sources */,
				93F2395C1A12363D00745E53 /* main.m in Sources */,
			);
			runOnlyForDeploymentPostprocessing = 0;
		};
		93F239711A12363D00745E53 /* Sources */ = {
			isa = PBXSourcesBuildPhase;
			buildActionMask = 2147483647;
			files = (
				93F2397C1A12363D00745E53 /* ContactsSyncSampleAppTests.m in Sources */,
			);
			runOnlyForDeploymentPostprocessing = 0;
		};
/* End PBXSourcesBuildPhase section */

/* Begin PBXTargetDependency section */
		93F239771A12363D00745E53 /* PBXTargetDependency */ = {
			isa = PBXTargetDependency;
			target = 93F239551A12363D00745E53 /* ContactsSyncSampleApp */;
			targetProxy = 93F239761A12363D00745E53 /* PBXContainerItemProxy */;
		};
/* End PBXTargetDependency section */

/* Begin PBXVariantGroup section */
		93F239691A12363D00745E53 /* Main.storyboard */ = {
			isa = PBXVariantGroup;
			children = (
				93F2396A1A12363D00745E53 /* Base */,
			);
			name = Main.storyboard;
			sourceTree = "<group>";
		};
		93F2396E1A12363D00745E53 /* LaunchScreen.xib */ = {
			isa = PBXVariantGroup;
			children = (
				93F2396F1A12363D00745E53 /* Base */,
			);
			name = LaunchScreen.xib;
			sourceTree = "<group>";
		};
/* End PBXVariantGroup section */

/* Begin XCBuildConfiguration section */
		93F2397D1A12363D00745E53 /* Debug */ = {
			isa = XCBuildConfiguration;
			buildSettings = {
				ALWAYS_SEARCH_USER_PATHS = NO;
				CLANG_CXX_LANGUAGE_STANDARD = "gnu++0x";
				CLANG_CXX_LIBRARY = "libc++";
				CLANG_ENABLE_MODULES = YES;
				CLANG_ENABLE_OBJC_ARC = YES;
				CLANG_WARN_BOOL_CONVERSION = YES;
				CLANG_WARN_CONSTANT_CONVERSION = YES;
				CLANG_WARN_DIRECT_OBJC_ISA_USAGE = YES_ERROR;
				CLANG_WARN_EMPTY_BODY = YES;
				CLANG_WARN_ENUM_CONVERSION = YES;
				CLANG_WARN_INT_CONVERSION = YES;
				CLANG_WARN_OBJC_ROOT_CLASS = YES_ERROR;
				CLANG_WARN_UNREACHABLE_CODE = YES;
				CLANG_WARN__DUPLICATE_METHOD_MATCH = YES;
				"CODE_SIGN_IDENTITY[sdk=iphoneos*]" = "iPhone Developer";
				COPY_PHASE_STRIP = NO;
				ENABLE_STRICT_OBJC_MSGSEND = YES;
				GCC_C_LANGUAGE_STANDARD = gnu99;
				GCC_DYNAMIC_NO_PIC = NO;
				GCC_OPTIMIZATION_LEVEL = 0;
				GCC_PREPROCESSOR_DEFINITIONS = (
					"DEBUG=1",
					"$(inherited)",
				);
				GCC_SYMBOLS_PRIVATE_EXTERN = NO;
				GCC_WARN_64_TO_32_BIT_CONVERSION = YES;
				GCC_WARN_ABOUT_RETURN_TYPE = YES_ERROR;
				GCC_WARN_UNDECLARED_SELECTOR = YES;
				GCC_WARN_UNINITIALIZED_AUTOS = YES_AGGRESSIVE;
				GCC_WARN_UNUSED_FUNCTION = YES;
				GCC_WARN_UNUSED_VARIABLE = YES;
				IPHONEOS_DEPLOYMENT_TARGET = 8.1;
				MTL_ENABLE_DEBUG_INFO = YES;
				ONLY_ACTIVE_ARCH = YES;
				SDKROOT = iphoneos;
			};
			name = Debug;
		};
		93F2397E1A12363D00745E53 /* Release */ = {
			isa = XCBuildConfiguration;
			buildSettings = {
				ALWAYS_SEARCH_USER_PATHS = NO;
				CLANG_CXX_LANGUAGE_STANDARD = "gnu++0x";
				CLANG_CXX_LIBRARY = "libc++";
				CLANG_ENABLE_MODULES = YES;
				CLANG_ENABLE_OBJC_ARC = YES;
				CLANG_WARN_BOOL_CONVERSION = YES;
				CLANG_WARN_CONSTANT_CONVERSION = YES;
				CLANG_WARN_DIRECT_OBJC_ISA_USAGE = YES_ERROR;
				CLANG_WARN_EMPTY_BODY = YES;
				CLANG_WARN_ENUM_CONVERSION = YES;
				CLANG_WARN_INT_CONVERSION = YES;
				CLANG_WARN_OBJC_ROOT_CLASS = YES_ERROR;
				CLANG_WARN_UNREACHABLE_CODE = YES;
				CLANG_WARN__DUPLICATE_METHOD_MATCH = YES;
				"CODE_SIGN_IDENTITY[sdk=iphoneos*]" = "iPhone Developer";
				COPY_PHASE_STRIP = YES;
				ENABLE_NS_ASSERTIONS = NO;
				ENABLE_STRICT_OBJC_MSGSEND = YES;
				GCC_C_LANGUAGE_STANDARD = gnu99;
				GCC_WARN_64_TO_32_BIT_CONVERSION = YES;
				GCC_WARN_ABOUT_RETURN_TYPE = YES_ERROR;
				GCC_WARN_UNDECLARED_SELECTOR = YES;
				GCC_WARN_UNINITIALIZED_AUTOS = YES_AGGRESSIVE;
				GCC_WARN_UNUSED_FUNCTION = YES;
				GCC_WARN_UNUSED_VARIABLE = YES;
				IPHONEOS_DEPLOYMENT_TARGET = 8.1;
				MTL_ENABLE_DEBUG_INFO = NO;
				SDKROOT = iphoneos;
				VALIDATE_PRODUCT = YES;
			};
			name = Release;
		};
		93F239801A12363D00745E53 /* Debug */ = {
			isa = XCBuildConfiguration;
			baseConfigurationReference = AC3D4DA94E5477ABA79D8005 /* Pods-ContactsSyncSampleApp.debug.xcconfig */;
			buildSettings = {
				ASSETCATALOG_COMPILER_APPICON_NAME = AppIcon;
				CODE_SIGN_IDENTITY = "iPhone Developer: Saad Masood (Z645VAXGY8)";
				"CODE_SIGN_IDENTITY[sdk=iphoneos*]" = "iPhone Developer: Saad Masood (Z645VAXGY8)";
				INFOPLIST_FILE = ContactsSyncSampleApp/Info.plist;
				LD_RUNPATH_SEARCH_PATHS = "$(inherited) @executable_path/Frameworks";
				PRODUCT_NAME = "$(TARGET_NAME)";
				PROVISIONING_PROFILE = "81c111ef-85f5-4883-8159-dd6769b81e9c";
			};
			name = Debug;
		};
		93F239811A12363D00745E53 /* Release */ = {
			isa = XCBuildConfiguration;
			baseConfigurationReference = 82B8FEA0703F5A9E79ECC403 /* Pods-ContactsSyncSampleApp.release.xcconfig */;
			buildSettings = {
				ASSETCATALOG_COMPILER_APPICON_NAME = AppIcon;
				CODE_SIGN_IDENTITY = "iPhone Developer: Saad Masood (Z645VAXGY8)";
				"CODE_SIGN_IDENTITY[sdk=iphoneos*]" = "iPhone Developer";
				INFOPLIST_FILE = ContactsSyncSampleApp/Info.plist;
				LD_RUNPATH_SEARCH_PATHS = "$(inherited) @executable_path/Frameworks";
				PRODUCT_NAME = "$(TARGET_NAME)";
				PROVISIONING_PROFILE = "81c111ef-85f5-4883-8159-dd6769b81e9c";
			};
			name = Release;
		};
		93F239831A12363D00745E53 /* Debug */ = {
			isa = XCBuildConfiguration;
			buildSettings = {
				BUNDLE_LOADER = "$(TEST_HOST)";
				FRAMEWORK_SEARCH_PATHS = (
					"$(SDKROOT)/Developer/Library/Frameworks",
					"$(inherited)",
				);
				GCC_PREPROCESSOR_DEFINITIONS = (
					"DEBUG=1",
					"$(inherited)",
				);
				INFOPLIST_FILE = ContactsSyncSampleAppTests/Info.plist;
				LD_RUNPATH_SEARCH_PATHS = "$(inherited) @executable_path/Frameworks @loader_path/Frameworks";
				PRODUCT_NAME = "$(TARGET_NAME)";
				TEST_HOST = "$(BUILT_PRODUCTS_DIR)/ContactsSyncSampleApp.app/ContactsSyncSampleApp";
			};
			name = Debug;
		};
		93F239841A12363D00745E53 /* Release */ = {
			isa = XCBuildConfiguration;
			buildSettings = {
				BUNDLE_LOADER = "$(TEST_HOST)";
				FRAMEWORK_SEARCH_PATHS = (
					"$(SDKROOT)/Developer/Library/Frameworks",
					"$(inherited)",
				);
				INFOPLIST_FILE = ContactsSyncSampleAppTests/Info.plist;
				LD_RUNPATH_SEARCH_PATHS = "$(inherited) @executable_path/Frameworks @loader_path/Frameworks";
				PRODUCT_NAME = "$(TARGET_NAME)";
				TEST_HOST = "$(BUILT_PRODUCTS_DIR)/ContactsSyncSampleApp.app/ContactsSyncSampleApp";
			};
			name = Release;
		};
/* End XCBuildConfiguration section */

/* Begin XCConfigurationList section */
		93F239511A12363D00745E53 /* Build configuration list for PBXProject "ContactsSyncSampleApp" */ = {
			isa = XCConfigurationList;
			buildConfigurations = (
				93F2397D1A12363D00745E53 /* Debug */,
				93F2397E1A12363D00745E53 /* Release */,
			);
			defaultConfigurationIsVisible = 0;
			defaultConfigurationName = Release;
		};
		93F2397F1A12363D00745E53 /* Build configuration list for PBXNativeTarget "ContactsSyncSampleApp" */ = {
			isa = XCConfigurationList;
			buildConfigurations = (
				93F239801A12363D00745E53 /* Debug */,
				93F239811A12363D00745E53 /* Release */,
			);
			defaultConfigurationIsVisible = 0;
			defaultConfigurationName = Release;
		};
		93F239821A12363D00745E53 /* Build configuration list for PBXNativeTarget "ContactsSyncSampleAppTests" */ = {
			isa = XCConfigurationList;
			buildConfigurations = (
				93F239831A12363D00745E53 /* Debug */,
				93F239841A12363D00745E53 /* Release */,
			);
			defaultConfigurationIsVisible = 0;
			defaultConfigurationName = Release;
		};
/* End XCConfigurationList section */

/* Begin XCVersionGroup section */
		93F239601A12363D00745E53 /* ContactsSyncSampleApp.xcdatamodeld */ = {
			isa = XCVersionGroup;
			children = (
				93F239611A12363D00745E53 /* ContactsSyncSampleApp.xcdatamodel */,
			);
			currentVersion = 93F239611A12363D00745E53 /* ContactsSyncSampleApp.xcdatamodel */;
			path = ContactsSyncSampleApp.xcdatamodeld;
			sourceTree = "<group>";
			versionGroupType = wrapper.xcdatamodel;
		};
/* End XCVersionGroup section */
	};
	rootObject = 93F2394E1A12363D00745E53 /* Project object */;
}
